
Microsoft Visual Studio Solution File, Format Version 12.00
# Visual Studio 15
VisualStudioVersion = 15.0.27703.2042
MinimumVisualStudioVersion = 10.0.40219.1
Project("{FAE04EC0-301F-11D3-BF4B-00C04F79EFBC}") = "CameraTakePicture.Android", "CameraTakePicture\CameraTakePicture.Android\CameraTakePicture.Android.csproj", "{F28B13A4-C290-4803-BB5A-0AA720974ECC}"
EndProject
Project("{FAE04EC0-301F-11D3-BF4B-00C04F79EFBC}") = "CameraTakePicture.iOS", "CameraTakePicture\CameraTakePicture.iOS\CameraTakePicture.iOS.csproj", "{AD68EBE0-A197-4D6C-A6F6-AD3419EB1012}"
EndProject
Project("{FAE04EC0-301F-11D3-BF4B-00C04F79EFBC}") = "CameraTakePicture", "CameraTakePicture\CameraTakePicture\CameraTakePicture.csproj", "{1600E8DC-C94A-45E5-B8B6-9F3045C053A2}"
EndProject
Global
	GlobalSection(SolutionConfigurationPlatforms) = preSolution
		Ad-Hoc|Any CPU = Ad-Hoc|Any CPU
		Ad-Hoc|iPhone = Ad-Hoc|iPhone
		Ad-Hoc|iPhoneSimulator = Ad-Hoc|iPhoneSimulator
		AppStore|Any CPU = AppStore|Any CPU
		AppStore|iPhone = AppStore|iPhone
		AppStore|iPhoneSimulator = AppStore|iPhoneSimulator
		Debug|Any CPU = Debug|Any CPU
		Debug|iPhone = Debug|iPhone
		Debug|iPhoneSimulator = Debug|iPhoneSimulator
		Release|Any CPU = Release|Any CPU
		Release|iPhone = Release|iPhone
		Release|iPhoneSimulator = Release|iPhoneSimulator
	EndGlobalSection
	GlobalSection(ProjectConfigurationPlatforms) = postSolution
		{F28B13A4-C290-4803-BB5A-0AA720974ECC}.Ad-Hoc|Any CPU.ActiveCfg = Release|Any CPU
		{F28B13A4-C290-4803-BB5A-0AA720974ECC}.Ad-Hoc|Any CPU.Build.0 = Release|Any CPU
		{F28B13A4-C290-4803-BB5A-0AA720974ECC}.Ad-Hoc|Any CPU.Deploy.0 = Release|Any CPU
		{F28B13A4-C290-4803-BB5A-0AA720974ECC}.Ad-Hoc|iPhone.ActiveCfg = Release|Any CPU
		{F28B13A4-C290-4803-BB5A-0AA720974ECC}.Ad-Hoc|iPhone.Build.0 = Release|Any CPU
		{F28B13A4-C290-4803-BB5A-0AA720974ECC}.Ad-Hoc|iPhone.Deploy.0 = Release|Any CPU
		{F28B13A4-C290-4803-BB5A-0AA720974ECC}.Ad-Hoc|iPhoneSimulator.ActiveCfg = Release|Any CPU
		{F28B13A4-C290-4803-BB5A-0AA720974ECC}.Ad-Hoc|iPhoneSimulator.Build.0 = Release|Any CPU
		{F28B13A4-C290-4803-BB5A-0AA720974ECC}.Ad-Hoc|iPhoneSimulator.Deploy.0 = Release|Any CPU
		{F28B13A4-C290-4803-BB5A-0AA720974ECC}.AppStore|Any CPU.ActiveCfg = Release|Any CPU
		{F28B13A4-C290-4803-BB5A-0AA720974ECC}.AppStore|Any CPU.Build.0 = Release|Any CPU
		{F28B13A4-C290-4803-BB5A-0AA720974ECC}.AppStore|Any CPU.Deploy.0 = Release|Any CPU
		{F28B13A4-C290-4803-BB5A-0AA720974ECC}.AppStore|iPhone.ActiveCfg = Release|Any CPU
		{F28B13A4-C290-4803-BB5A-0AA720974ECC}.AppStore|iPhone.Build.0 = Release|Any CPU
		{F28B13A4-C290-4803-BB5A-0AA720974ECC}.AppStore|iPhone.Deploy.0 = Release|Any CPU
		{F28B13A4-C290-4803-BB5A-0AA720974ECC}.AppStore|iPhoneSimulator.ActiveCfg = Release|Any CPU
		{F28B13A4-C290-4803-BB5A-0AA720974ECC}.AppStore|iPhoneSimulator.Build.0 = Release|Any CPU
		{F28B13A4-C290-4803-BB5A-0AA720974ECC}.AppStore|iPhoneSimulator.Deploy.0 = Release|Any CPU
		{F28B13A4-C290-4803-BB5A-0AA720974ECC}.Debug|Any CPU.ActiveCfg = Debug|Any CPU
		{F28B13A4-C290-4803-BB5A-0AA720974ECC}.Debug|Any CPU.Build.0 = Debug|Any CPU
		{F28B13A4-C290-4803-BB5A-0AA720974ECC}.Debug|Any CPU.Deploy.0 = Debug|Any CPU
		{F28B13A4-C290-4803-BB5A-0AA720974ECC}.Debug|iPhone.ActiveCfg = Debug|Any CPU
		{F28B13A4-C290-4803-BB5A-0AA720974ECC}.Debug|iPhone.Build.0 = Debug|Any CPU
		{F28B13A4-C290-4803-BB5A-0AA720974ECC}.Debug|iPhone.Deploy.0 = Debug|Any CPU
		{F28B13A4-C290-4803-BB5A-0AA720974ECC}.Debug|iPhoneSimulator.ActiveCfg = Debug|Any CPU
		{F28B13A4-C290-4803-BB5A-0AA720974ECC}.Debug|iPhoneSimulator.Build.0 = Debug|Any CPU
		{F28B13A4-C290-4803-BB5A-0AA720974ECC}.Debug|iPhoneSimulator.Deploy.0 = Debug|Any CPU
		{F28B13A4-C290-4803-BB5A-0AA720974ECC}.Release|Any CPU.ActiveCfg = Release|Any CPU
		{F28B13A4-C290-4803-BB5A-0AA720974ECC}.Release|Any CPU.Build.0 = Release|Any CPU
		{F28B13A4-C290-4803-BB5A-0AA720974ECC}.Release|Any CPU.Deploy.0 = Release|Any CPU
		{F28B13A4-C290-4803-BB5A-0AA720974ECC}.Release|iPhone.ActiveCfg = Release|Any CPU
		{F28B13A4-C290-4803-BB5A-0AA720974ECC}.Release|iPhone.Build.0 = Release|Any CPU
		{F28B13A4-C290-4803-BB5A-0AA720974ECC}.Release|iPhone.Deploy.0 = Release|Any CPU
		{F28B13A4-C290-4803-BB5A-0AA720974ECC}.Release|iPhoneSimulator.ActiveCfg = Release|Any CPU
		{F28B13A4-C290-4803-BB5A-0AA720974ECC}.Release|iPhoneSimulator.Build.0 = Release|Any CPU
		{F28B13A4-C290-4803-BB5A-0AA720974ECC}.Release|iPhoneSimulator.Deploy.0 = Release|Any CPU
		{AD68EBE0-A197-4D6C-A6F6-AD3419EB1012}.Ad-Hoc|Any CPU.ActiveCfg = Ad-Hoc|iPhone
		{AD68EBE0-A197-4D6C-A6F6-AD3419EB1012}.Ad-Hoc|Any CPU.Build.0 = Ad-Hoc|iPhone
		{AD68EBE0-A197-4D6C-A6F6-AD3419EB1012}.Ad-Hoc|Any CPU.Deploy.0 = Ad-Hoc|iPhone
		{AD68EBE0-A197-4D6C-A6F6-AD3419EB1012}.Ad-Hoc|iPhone.ActiveCfg = Ad-Hoc|iPhone
		{AD68EBE0-A197-4D6C-A6F6-AD3419EB1012}.Ad-Hoc|iPhone.Build.0 = Ad-Hoc|iPhone
		{AD68EBE0-A197-4D6C-A6F6-AD3419EB1012}.Ad-Hoc|iPhone.Deploy.0 = Ad-Hoc|iPhone
		{AD68EBE0-A197-4D6C-A6F6-AD3419EB1012}.Ad-Hoc|iPhoneSimulator.ActiveCfg = Ad-Hoc|iPhoneSimulator
		{AD68EBE0-A197-4D6C-A6F6-AD3419EB1012}.Ad-Hoc|iPhoneSimulator.Build.0 = Ad-Hoc|iPhoneSimulator
		{AD68EBE0-A197-4D6C-A6F6-AD3419EB1012}.Ad-Hoc|iPhoneSimulator.Deploy.0 = Ad-Hoc|iPhoneSimulator
		{AD68EBE0-A197-4D6C-A6F6-AD3419EB1012}.AppStore|Any CPU.ActiveCfg = AppStore|iPhone
		{AD68EBE0-A197-4D6C-A6F6-AD3419EB1012}.AppStore|Any CPU.Build.0 = AppStore|iPhone
		{AD68EBE0-A197-4D6C-A6F6-AD3419EB1012}.AppStore|Any CPU.Deploy.0 = AppStore|iPhone
		{AD68EBE0-A197-4D6C-A6F6-AD3419EB1012}.AppStore|iPhone.ActiveCfg = AppStore|iPhone
		{AD68EBE0-A197-4D6C-A6F6-AD3419EB1012}.AppStore|iPhone.Build.0 = AppStore|iPhone
		{AD68EBE0-A197-4D6C-A6F6-AD3419EB1012}.AppStore|iPhone.Deploy.0 = AppStore|iPhone
		{AD68EBE0-A197-4D6C-A6F6-AD3419EB1012}.AppStore|iPhoneSimulator.ActiveCfg = AppStore|iPhoneSimulator
		{AD68EBE0-A197-4D6C-A6F6-AD3419EB1012}.AppStore|iPhoneSimulator.Build.0 = AppStore|iPhoneSimulator
		{AD68EBE0-A197-4D6C-A6F6-AD3419EB1012}.AppStore|iPhoneSimulator.Deploy.0 = AppStore|iPhoneSimulator
		{AD68EBE0-A197-4D6C-A6F6-AD3419EB1012}.Debug|Any CPU.ActiveCfg = Debug|iPhoneSimulator
		{AD68EBE0-A197-4D6C-A6F6-AD3419EB1012}.Debug|Any CPU.Build.0 = Debug|iPhoneSimulator
		{AD68EBE0-A197-4D6C-A6F6-AD3419EB1012}.Debug|Any CPU.Deploy.0 = Debug|iPhoneSimulator
		{AD68EBE0-A197-4D6C-A6F6-AD3419EB1012}.Debug|iPhone.ActiveCfg = Debug|iPhone
		{AD68EBE0-A197-4D6C-A6F6-AD3419EB1012}.Debug|iPhone.Build.0 = Debug|iPhone
		{AD68EBE0-A197-4D6C-A6F6-AD3419EB1012}.Debug|iPhone.Deploy.0 = Debug|iPhone
		{AD68EBE0-A197-4D6C-A6F6-AD3419EB1012}.Debug|iPhoneSimulator.ActiveCfg = Debug|iPhoneSimulator
		{AD68EBE0-A197-4D6C-A6F6-AD3419EB1012}.Debug|iPhoneSimulator.Build.0 = Debug|iPhoneSimulator
		{AD68EBE0-A197-4D6C-A6F6-AD3419EB1012}.Debug|iPhoneSimulator.Deploy.0 = Debug|iPhoneSimulator
		{AD68EBE0-A197-4D6C-A6F6-AD3419EB1012}.Release|Any CPU.ActiveCfg = Release|iPhone
		{AD68EBE0-A197-4D6C-A6F6-AD3419EB1012}.Release|Any CPU.Build.0 = Release|iPhone
		{AD68EBE0-A197-4D6C-A6F6-AD3419EB1012}.Release|Any CPU.Deploy.0 = Release|iPhone
		{AD68EBE0-A197-4D6C-A6F6-AD3419EB1012}.Release|iPhone.ActiveCfg = Release|iPhone
		{AD68EBE0-A197-4D6C-A6F6-AD3419EB1012}.Release|iPhone.Build.0 = Release|iPhone
		{AD68EBE0-A197-4D6C-A6F6-AD3419EB1012}.Release|iPhone.Deploy.0 = Release|iPhone
		{AD68EBE0-A197-4D6C-A6F6-AD3419EB1012}.Release|iPhoneSimulator.ActiveCfg = Release|iPhoneSimulator
		{AD68EBE0-A197-4D6C-A6F6-AD3419EB1012}.Release|iPhoneSimulator.Build.0 = Release|iPhoneSimulator
		{AD68EBE0-A197-4D6C-A6F6-AD3419EB1012}.Release|iPhoneSimulator.Deploy.0 = Release|iPhoneSimulator
		{1600E8DC-C94A-45E5-B8B6-9F3045C053A2}.Ad-Hoc|Any CPU.ActiveCfg = Debug|Any CPU
		{1600E8DC-C94A-45E5-B8B6-9F3045C053A2}.Ad-Hoc|Any CPU.Build.0 = Debug|Any CPU
		{1600E8DC-C94A-45E5-B8B6-9F3045C053A2}.Ad-Hoc|Any CPU.Deploy.0 = Debug|Any CPU
		{1600E8DC-C94A-45E5-B8B6-9F3045C053A2}.Ad-Hoc|iPhone.ActiveCfg = Debug|Any CPU
		{1600E8DC-C94A-45E5-B8B6-9F3045C053A2}.Ad-Hoc|iPhone.Build.0 = Debug|Any CPU
		{1600E8DC-C94A-45E5-B8B6-9F3045C053A2}.Ad-Hoc|iPhone.Deploy.0 = Debug|Any CPU
		{1600E8DC-C94A-45E5-B8B6-9F3045C053A2}.Ad-Hoc|iPhoneSimulator.ActiveCfg = Debug|Any CPU
		{1600E8DC-C94A-45E5-B8B6-9F3045C053A2}.Ad-Hoc|iPhoneSimulator.Build.0 = Debug|Any CPU
		{1600E8DC-C94A-45E5-B8B6-9F3045C053A2}.Ad-Hoc|iPhoneSimulator.Deploy.0 = Debug|Any CPU
		{1600E8DC-C94A-45E5-B8B6-9F3045C053A2}.AppStore|Any CPU.ActiveCfg = Debug|Any CPU
		{1600E8DC-C94A-45E5-B8B6-9F3045C053A2}.AppStore|Any CPU.Build.0 = Debug|Any CPU
		{1600E8DC-C94A-45E5-B8B6-9F3045C053A2}.AppStore|Any CPU.Deploy.0 = Debug|Any CPU
		{1600E8DC-C94A-45E5-B8B6-9F3045C053A2}.AppStore|iPhone.ActiveCfg = Debug|Any CPU
		{1600E8DC-C94A-45E5-B8B6-9F3045C053A2}.AppStore|iPhone.Build.0 = Debug|Any CPU
		{1600E8DC-C94A-45E5-B8B6-9F3045C053A2}.AppStore|iPhone.Deploy.0 = Debug|Any CPU
		{1600E8DC-C94A-45E5-B8B6-9F3045C053A2}.AppStore|iPhoneSimulator.ActiveCfg = Debug|Any CPU
		{1600E8DC-C94A-45E5-B8B6-9F3045C053A2}.AppStore|iPhoneSimulator.Build.0 = Debug|Any CPU
		{1600E8DC-C94A-45E5-B8B6-9F3045C053A2}.AppStore|iPhoneSimulator.Deploy.0 = Debug|Any CPU
		{1600E8DC-C94A-45E5-B8B6-9F3045C053A2}.Debug|Any CPU.ActiveCfg = Debug|Any CPU
		{1600E8DC-C94A-45E5-B8B6-9F3045C053A2}.Debug|Any CPU.Build.0 = Debug|Any CPU
		{1600E8DC-C94A-45E5-B8B6-9F3045C053A2}.Debug|Any CPU.Deploy.0 = Debug|Any CPU
		{1600E8DC-C94A-45E5-B8B6-9F3045C053A2}.Debug|iPhone.ActiveCfg = Debug|Any CPU
		{1600E8DC-C94A-45E5-B8B6-9F3045C053A2}.Debug|iPhone.Build.0 = Debug|Any CPU
		{1600E8DC-C94A-45E5-B8B6-9F3045C053A2}.Debug|iPhone.Deploy.0 = Debug|Any CPU
		{1600E8DC-C94A-45E5-B8B6-9F3045C053A2}.Debug|iPhoneSimulator.ActiveCfg = Debug|Any CPU
		{1600E8DC-C94A-45E5-B8B6-9F3045C053A2}.Debug|iPhoneSimulator.Build.0 = Debug|Any CPU
		{1600E8DC-C94A-45E5-B8B6-9F3045C053A2}.Debug|iPhoneSimulator.Deploy.0 = Debug|Any CPU
		{1600E8DC-C94A-45E5-B8B6-9F3045C053A2}.Release|Any CPU.ActiveCfg = Release|Any CPU
		{1600E8DC-C94A-45E5-B8B6-9F3045C053A2}.Release|Any CPU.Build.0 = Release|Any CPU
		{1600E8DC-C94A-45E5-B8B6-9F3045C053A2}.Release|Any CPU.Deploy.0 = Release|Any CPU
		{1600E8DC-C94A-45E5-B8B6-9F3045C053A2}.Release|iPhone.ActiveCfg = Release|Any CPU
		{1600E8DC-C94A-45E5-B8B6-9F3045C053A2}.Release|iPhone.Build.0 = Release|Any CPU
		{1600E8DC-C94A-45E5-B8B6-9F3045C053A2}.Release|iPhone.Deploy.0 = Release|Any CPU
		{1600E8DC-C94A-45E5-B8B6-9F3045C053A2}.Release|iPhoneSimulator.ActiveCfg = Release|Any CPU
		{1600E8DC-C94A-45E5-B8B6-9F3045C053A2}.Release|iPhoneSimulator.Build.0 = Release|Any CPU
		{1600E8DC-C94A-45E5-B8B6-9F3045C053A2}.Release|iPhoneSimulator.Deploy.0 = Release|Any CPU
	EndGlobalSection
	GlobalSection(SolutionProperties) = preSolution
		HideSolutionNode = FALSE
	EndGlobalSection
	GlobalSection(ExtensibilityGlobals) = postSolution
		SolutionGuid = {805D4931-60FD-486C-8F72-5B397C95021C}
	EndGlobalSection
EndGlobal
