
Microsoft Visual Studio Solution File, Format Version 12.00
# Visual Studio 15
VisualStudioVersion = 15.0.27703.2042
MinimumVisualStudioVersion = 10.0.40219.1
Project("{FAE04EC0-301F-11D3-BF4B-00C04F79EFBC}") = "PageNavigation.Android", "PageNavigation\PageNavigation.Android\PageNavigation.Android.csproj", "{B2D64737-59CC-49B5-A05E-81CE453E1A4A}"
EndProject
Project("{FAE04EC0-301F-11D3-BF4B-00C04F79EFBC}") = "PageNavigation.iOS", "PageNavigation\PageNavigation.iOS\PageNavigation.iOS.csproj", "{176DB276-F046-4684-93BB-40D419C74C67}"
EndProject
Project("{FAE04EC0-301F-11D3-BF4B-00C04F79EFBC}") = "PageNavigation", "PageNavigation\PageNavigation\PageNavigation.csproj", "{30E62C55-361D-4180-99AC-0ABBCE1509BE}"
EndProject
Global
	GlobalSection(SolutionConfigurationPlatforms) = preSolution
		Ad-Hoc|Any CPU = Ad-Hoc|Any CPU
		Ad-Hoc|iPhone = Ad-Hoc|iPhone
		Ad-Hoc|iPhoneSimulator = Ad-Hoc|iPhoneSimulator
		AppStore|Any CPU = AppStore|Any CPU
		AppStore|iPhone = AppStore|iPhone
		AppStore|iPhoneSimulator = AppStore|iPhoneSimulator
		Debug|Any CPU = Debug|Any CPU
		Debug|iPhone = Debug|iPhone
		Debug|iPhoneSimulator = Debug|iPhoneSimulator
		Release|Any CPU = Release|Any CPU
		Release|iPhone = Release|iPhone
		Release|iPhoneSimulator = Release|iPhoneSimulator
	EndGlobalSection
	GlobalSection(ProjectConfigurationPlatforms) = postSolution
		{B2D64737-59CC-49B5-A05E-81CE453E1A4A}.Ad-Hoc|Any CPU.ActiveCfg = Release|Any CPU
		{B2D64737-59CC-49B5-A05E-81CE453E1A4A}.Ad-Hoc|Any CPU.Build.0 = Release|Any CPU
		{B2D64737-59CC-49B5-A05E-81CE453E1A4A}.Ad-Hoc|Any CPU.Deploy.0 = Release|Any CPU
		{B2D64737-59CC-49B5-A05E-81CE453E1A4A}.Ad-Hoc|iPhone.ActiveCfg = Release|Any CPU
		{B2D64737-59CC-49B5-A05E-81CE453E1A4A}.Ad-Hoc|iPhone.Build.0 = Release|Any CPU
		{B2D64737-59CC-49B5-A05E-81CE453E1A4A}.Ad-Hoc|iPhone.Deploy.0 = Release|Any CPU
		{B2D64737-59CC-49B5-A05E-81CE453E1A4A}.Ad-Hoc|iPhoneSimulator.ActiveCfg = Release|Any CPU
		{B2D64737-59CC-49B5-A05E-81CE453E1A4A}.Ad-Hoc|iPhoneSimulator.Build.0 = Release|Any CPU
		{B2D64737-59CC-49B5-A05E-81CE453E1A4A}.Ad-Hoc|iPhoneSimulator.Deploy.0 = Release|Any CPU
		{B2D64737-59CC-49B5-A05E-81CE453E1A4A}.AppStore|Any CPU.ActiveCfg = Release|Any CPU
		{B2D64737-59CC-49B5-A05E-81CE453E1A4A}.AppStore|Any CPU.Build.0 = Release|Any CPU
		{B2D64737-59CC-49B5-A05E-81CE453E1A4A}.AppStore|Any CPU.Deploy.0 = Release|Any CPU
		{B2D64737-59CC-49B5-A05E-81CE453E1A4A}.AppStore|iPhone.ActiveCfg = Release|Any CPU
		{B2D64737-59CC-49B5-A05E-81CE453E1A4A}.AppStore|iPhone.Build.0 = Release|Any CPU
		{B2D64737-59CC-49B5-A05E-81CE453E1A4A}.AppStore|iPhone.Deploy.0 = Release|Any CPU
		{B2D64737-59CC-49B5-A05E-81CE453E1A4A}.AppStore|iPhoneSimulator.ActiveCfg = Release|Any CPU
		{B2D64737-59CC-49B5-A05E-81CE453E1A4A}.AppStore|iPhoneSimulator.Build.0 = Release|Any CPU
		{B2D64737-59CC-49B5-A05E-81CE453E1A4A}.AppStore|iPhoneSimulator.Deploy.0 = Release|Any CPU
		{B2D64737-59CC-49B5-A05E-81CE453E1A4A}.Debug|Any CPU.ActiveCfg = Debug|Any CPU
		{B2D64737-59CC-49B5-A05E-81CE453E1A4A}.Debug|Any CPU.Build.0 = Debug|Any CPU
		{B2D64737-59CC-49B5-A05E-81CE453E1A4A}.Debug|Any CPU.Deploy.0 = Debug|Any CPU
		{B2D64737-59CC-49B5-A05E-81CE453E1A4A}.Debug|iPhone.ActiveCfg = Debug|Any CPU
		{B2D64737-59CC-49B5-A05E-81CE453E1A4A}.Debug|iPhone.Build.0 = Debug|Any CPU
		{B2D64737-59CC-49B5-A05E-81CE453E1A4A}.Debug|iPhone.Deploy.0 = Debug|Any CPU
		{B2D64737-59CC-49B5-A05E-81CE453E1A4A}.Debug|iPhoneSimulator.ActiveCfg = Debug|Any CPU
		{B2D64737-59CC-49B5-A05E-81CE453E1A4A}.Debug|iPhoneSimulator.Build.0 = Debug|Any CPU
		{B2D64737-59CC-49B5-A05E-81CE453E1A4A}.Debug|iPhoneSimulator.Deploy.0 = Debug|Any CPU
		{B2D64737-59CC-49B5-A05E-81CE453E1A4A}.Release|Any CPU.ActiveCfg = Release|Any CPU
		{B2D64737-59CC-49B5-A05E-81CE453E1A4A}.Release|Any CPU.Build.0 = Release|Any CPU
		{B2D64737-59CC-49B5-A05E-81CE453E1A4A}.Release|Any CPU.Deploy.0 = Release|Any CPU
		{B2D64737-59CC-49B5-A05E-81CE453E1A4A}.Release|iPhone.ActiveCfg = Release|Any CPU
		{B2D64737-59CC-49B5-A05E-81CE453E1A4A}.Release|iPhone.Build.0 = Release|Any CPU
		{B2D64737-59CC-49B5-A05E-81CE453E1A4A}.Release|iPhone.Deploy.0 = Release|Any CPU
		{B2D64737-59CC-49B5-A05E-81CE453E1A4A}.Release|iPhoneSimulator.ActiveCfg = Release|Any CPU
		{B2D64737-59CC-49B5-A05E-81CE453E1A4A}.Release|iPhoneSimulator.Build.0 = Release|Any CPU
		{B2D64737-59CC-49B5-A05E-81CE453E1A4A}.Release|iPhoneSimulator.Deploy.0 = Release|Any CPU
		{176DB276-F046-4684-93BB-40D419C74C67}.Ad-Hoc|Any CPU.ActiveCfg = Ad-Hoc|iPhone
		{176DB276-F046-4684-93BB-40D419C74C67}.Ad-Hoc|Any CPU.Build.0 = Ad-Hoc|iPhone
		{176DB276-F046-4684-93BB-40D419C74C67}.Ad-Hoc|Any CPU.Deploy.0 = Ad-Hoc|iPhone
		{176DB276-F046-4684-93BB-40D419C74C67}.Ad-Hoc|iPhone.ActiveCfg = Ad-Hoc|iPhone
		{176DB276-F046-4684-93BB-40D419C74C67}.Ad-Hoc|iPhone.Build.0 = Ad-Hoc|iPhone
		{176DB276-F046-4684-93BB-40D419C74C67}.Ad-Hoc|iPhone.Deploy.0 = Ad-Hoc|iPhone
		{176DB276-F046-4684-93BB-40D419C74C67}.Ad-Hoc|iPhoneSimulator.ActiveCfg = Ad-Hoc|iPhoneSimulator
		{176DB276-F046-4684-93BB-40D419C74C67}.Ad-Hoc|iPhoneSimulator.Build.0 = Ad-Hoc|iPhoneSimulator
		{176DB276-F046-4684-93BB-40D419C74C67}.Ad-Hoc|iPhoneSimulator.Deploy.0 = Ad-Hoc|iPhoneSimulator
		{176DB276-F046-4684-93BB-40D419C74C67}.AppStore|Any CPU.ActiveCfg = AppStore|iPhone
		{176DB276-F046-4684-93BB-40D419C74C67}.AppStore|Any CPU.Build.0 = AppStore|iPhone
		{176DB276-F046-4684-93BB-40D419C74C67}.AppStore|Any CPU.Deploy.0 = AppStore|iPhone
		{176DB276-F046-4684-93BB-40D419C74C67}.AppStore|iPhone.ActiveCfg = AppStore|iPhone
		{176DB276-F046-4684-93BB-40D419C74C67}.AppStore|iPhone.Build.0 = AppStore|iPhone
		{176DB276-F046-4684-93BB-40D419C74C67}.AppStore|iPhone.Deploy.0 = AppStore|iPhone
		{176DB276-F046-4684-93BB-40D419C74C67}.AppStore|iPhoneSimulator.ActiveCfg = AppStore|iPhoneSimulator
		{176DB276-F046-4684-93BB-40D419C74C67}.AppStore|iPhoneSimulator.Build.0 = AppStore|iPhoneSimulator
		{176DB276-F046-4684-93BB-40D419C74C67}.AppStore|iPhoneSimulator.Deploy.0 = AppStore|iPhoneSimulator
		{176DB276-F046-4684-93BB-40D419C74C67}.Debug|Any CPU.ActiveCfg = Debug|iPhoneSimulator
		{176DB276-F046-4684-93BB-40D419C74C67}.Debug|Any CPU.Build.0 = Debug|iPhoneSimulator
		{176DB276-F046-4684-93BB-40D419C74C67}.Debug|Any CPU.Deploy.0 = Debug|iPhoneSimulator
		{176DB276-F046-4684-93BB-40D419C74C67}.Debug|iPhone.ActiveCfg = Debug|iPhone
		{176DB276-F046-4684-93BB-40D419C74C67}.Debug|iPhone.Build.0 = Debug|iPhone
		{176DB276-F046-4684-93BB-40D419C74C67}.Debug|iPhone.Deploy.0 = Debug|iPhone
		{176DB276-F046-4684-93BB-40D419C74C67}.Debug|iPhoneSimulator.ActiveCfg = Debug|iPhoneSimulator
		{176DB276-F046-4684-93BB-40D419C74C67}.Debug|iPhoneSimulator.Build.0 = Debug|iPhoneSimulator
		{176DB276-F046-4684-93BB-40D419C74C67}.Debug|iPhoneSimulator.Deploy.0 = Debug|iPhoneSimulator
		{176DB276-F046-4684-93BB-40D419C74C67}.Release|Any CPU.ActiveCfg = Release|iPhone
		{176DB276-F046-4684-93BB-40D419C74C67}.Release|Any CPU.Build.0 = Release|iPhone
		{176DB276-F046-4684-93BB-40D419C74C67}.Release|Any CPU.Deploy.0 = Release|iPhone
		{176DB276-F046-4684-93BB-40D419C74C67}.Release|iPhone.ActiveCfg = Release|iPhone
		{176DB276-F046-4684-93BB-40D419C74C67}.Release|iPhone.Build.0 = Release|iPhone
		{176DB276-F046-4684-93BB-40D419C74C67}.Release|iPhone.Deploy.0 = Release|iPhone
		{176DB276-F046-4684-93BB-40D419C74C67}.Release|iPhoneSimulator.ActiveCfg = Release|iPhoneSimulator
		{176DB276-F046-4684-93BB-40D419C74C67}.Release|iPhoneSimulator.Build.0 = Release|iPhoneSimulator
		{176DB276-F046-4684-93BB-40D419C74C67}.Release|iPhoneSimulator.Deploy.0 = Release|iPhoneSimulator
		{30E62C55-361D-4180-99AC-0ABBCE1509BE}.Ad-Hoc|Any CPU.ActiveCfg = Debug|Any CPU
		{30E62C55-361D-4180-99AC-0ABBCE1509BE}.Ad-Hoc|Any CPU.Build.0 = Debug|Any CPU
		{30E62C55-361D-4180-99AC-0ABBCE1509BE}.Ad-Hoc|Any CPU.Deploy.0 = Debug|Any CPU
		{30E62C55-361D-4180-99AC-0ABBCE1509BE}.Ad-Hoc|iPhone.ActiveCfg = Debug|Any CPU
		{30E62C55-361D-4180-99AC-0ABBCE1509BE}.Ad-Hoc|iPhone.Build.0 = Debug|Any CPU
		{30E62C55-361D-4180-99AC-0ABBCE1509BE}.Ad-Hoc|iPhone.Deploy.0 = Debug|Any CPU
		{30E62C55-361D-4180-99AC-0ABBCE1509BE}.Ad-Hoc|iPhoneSimulator.ActiveCfg = Debug|Any CPU
		{30E62C55-361D-4180-99AC-0ABBCE1509BE}.Ad-Hoc|iPhoneSimulator.Build.0 = Debug|Any CPU
		{30E62C55-361D-4180-99AC-0ABBCE1509BE}.Ad-Hoc|iPhoneSimulator.Deploy.0 = Debug|Any CPU
		{30E62C55-361D-4180-99AC-0ABBCE1509BE}.AppStore|Any CPU.ActiveCfg = Debug|Any CPU
		{30E62C55-361D-4180-99AC-0ABBCE1509BE}.AppStore|Any CPU.Build.0 = Debug|Any CPU
		{30E62C55-361D-4180-99AC-0ABBCE1509BE}.AppStore|Any CPU.Deploy.0 = Debug|Any CPU
		{30E62C55-361D-4180-99AC-0ABBCE1509BE}.AppStore|iPhone.ActiveCfg = Debug|Any CPU
		{30E62C55-361D-4180-99AC-0ABBCE1509BE}.AppStore|iPhone.Build.0 = Debug|Any CPU
		{30E62C55-361D-4180-99AC-0ABBCE1509BE}.AppStore|iPhone.Deploy.0 = Debug|Any CPU
		{30E62C55-361D-4180-99AC-0ABBCE1509BE}.AppStore|iPhoneSimulator.ActiveCfg = Debug|Any CPU
		{30E62C55-361D-4180-99AC-0ABBCE1509BE}.AppStore|iPhoneSimulator.Build.0 = Debug|Any CPU
		{30E62C55-361D-4180-99AC-0ABBCE1509BE}.AppStore|iPhoneSimulator.Deploy.0 = Debug|Any CPU
		{30E62C55-361D-4180-99AC-0ABBCE1509BE}.Debug|Any CPU.ActiveCfg = Debug|Any CPU
		{30E62C55-361D-4180-99AC-0ABBCE1509BE}.Debug|Any CPU.Build.0 = Debug|Any CPU
		{30E62C55-361D-4180-99AC-0ABBCE1509BE}.Debug|Any CPU.Deploy.0 = Debug|Any CPU
		{30E62C55-361D-4180-99AC-0ABBCE1509BE}.Debug|iPhone.ActiveCfg = Debug|Any CPU
		{30E62C55-361D-4180-99AC-0ABBCE1509BE}.Debug|iPhone.Build.0 = Debug|Any CPU
		{30E62C55-361D-4180-99AC-0ABBCE1509BE}.Debug|iPhone.Deploy.0 = Debug|Any CPU
		{30E62C55-361D-4180-99AC-0ABBCE1509BE}.Debug|iPhoneSimulator.ActiveCfg = Debug|Any CPU
		{30E62C55-361D-4180-99AC-0ABBCE1509BE}.Debug|iPhoneSimulator.Build.0 = Debug|Any CPU
		{30E62C55-361D-4180-99AC-0ABBCE1509BE}.Debug|iPhoneSimulator.Deploy.0 = Debug|Any CPU
		{30E62C55-361D-4180-99AC-0ABBCE1509BE}.Release|Any CPU.ActiveCfg = Release|Any CPU
		{30E62C55-361D-4180-99AC-0ABBCE1509BE}.Release|Any CPU.Build.0 = Release|Any CPU
		{30E62C55-361D-4180-99AC-0ABBCE1509BE}.Release|Any CPU.Deploy.0 = Release|Any CPU
		{30E62C55-361D-4180-99AC-0ABBCE1509BE}.Release|iPhone.ActiveCfg = Release|Any CPU
		{30E62C55-361D-4180-99AC-0ABBCE1509BE}.Release|iPhone.Build.0 = Release|Any CPU
		{30E62C55-361D-4180-99AC-0ABBCE1509BE}.Release|iPhone.Deploy.0 = Release|Any CPU
		{30E62C55-361D-4180-99AC-0ABBCE1509BE}.Release|iPhoneSimulator.ActiveCfg = Release|Any CPU
		{30E62C55-361D-4180-99AC-0ABBCE1509BE}.Release|iPhoneSimulator.Build.0 = Release|Any CPU
		{30E62C55-361D-4180-99AC-0ABBCE1509BE}.Release|iPhoneSimulator.Deploy.0 = Release|Any CPU
	EndGlobalSection
	GlobalSection(SolutionProperties) = preSolution
		HideSolutionNode = FALSE
	EndGlobalSection
	GlobalSection(ExtensibilityGlobals) = postSolution
		SolutionGuid = {B7BEE97F-CF7A-4582-BEEE-6B4C08A7FD71}
	EndGlobalSection
EndGlobal
