
Microsoft Visual Studio Solution File, Format Version 12.00
# Visual Studio 15
VisualStudioVersion = 15.0.27703.2042
MinimumVisualStudioVersion = 10.0.40219.1
Project("{FAE04EC0-301F-11D3-BF4B-00C04F79EFBC}") = "BoasVindas.Android", "BoasVindas\BoasVindas.Android\BoasVindas.Android.csproj", "{BD68D55D-75D8-4B5C-95C1-0F1CD2317FD9}"
EndProject
Project("{FAE04EC0-301F-11D3-BF4B-00C04F79EFBC}") = "BoasVindas", "BoasVindas\BoasVindas\BoasVindas.csproj", "{BB8310B4-9ECB-461C-A3B7-14B2C70429E5}"
EndProject
Global
	GlobalSection(SolutionConfigurationPlatforms) = preSolution
		Debug|Any CPU = Debug|Any CPU
		Release|Any CPU = Release|Any CPU
	EndGlobalSection
	GlobalSection(ProjectConfigurationPlatforms) = postSolution
		{BD68D55D-75D8-4B5C-95C1-0F1CD2317FD9}.Debug|Any CPU.ActiveCfg = Debug|Any CPU
		{BD68D55D-75D8-4B5C-95C1-0F1CD2317FD9}.Debug|Any CPU.Build.0 = Debug|Any CPU
		{BD68D55D-75D8-4B5C-95C1-0F1CD2317FD9}.Debug|Any CPU.Deploy.0 = Debug|Any CPU
		{BD68D55D-75D8-4B5C-95C1-0F1CD2317FD9}.Release|Any CPU.ActiveCfg = Release|Any CPU
		{BD68D55D-75D8-4B5C-95C1-0F1CD2317FD9}.Release|Any CPU.Build.0 = Release|Any CPU
		{BD68D55D-75D8-4B5C-95C1-0F1CD2317FD9}.Release|Any CPU.Deploy.0 = Release|Any CPU
		{BB8310B4-9ECB-461C-A3B7-14B2C70429E5}.Debug|Any CPU.ActiveCfg = Debug|Any CPU
		{BB8310B4-9ECB-461C-A3B7-14B2C70429E5}.Debug|Any CPU.Build.0 = Debug|Any CPU
		{BB8310B4-9ECB-461C-A3B7-14B2C70429E5}.Debug|Any CPU.Deploy.0 = Debug|Any CPU
		{BB8310B4-9ECB-461C-A3B7-14B2C70429E5}.Release|Any CPU.ActiveCfg = Release|Any CPU
		{BB8310B4-9ECB-461C-A3B7-14B2C70429E5}.Release|Any CPU.Build.0 = Release|Any CPU
		{BB8310B4-9ECB-461C-A3B7-14B2C70429E5}.Release|Any CPU.Deploy.0 = Release|Any CPU
	EndGlobalSection
	GlobalSection(SolutionProperties) = preSolution
		HideSolutionNode = FALSE
	EndGlobalSection
	GlobalSection(ExtensibilityGlobals) = postSolution
		SolutionGuid = {3D7F3A89-DD39-4A3B-B3B7-C5BCD7E7368E}
	EndGlobalSection
EndGlobal
