
Microsoft Visual Studio Solution File, Format Version 12.00
# Visual Studio 15
VisualStudioVersion = 15.0.27703.2042
MinimumVisualStudioVersion = 10.0.40219.1
Project("{FAE04EC0-301F-11D3-BF4B-00C04F79EFBC}") = "Phoneword.Android", "Phoneword\Phoneword.Android\Phoneword.Android.csproj", "{BAED1331-456F-4D7A-B47C-A50EFAF990B5}"
EndProject
Project("{FAE04EC0-301F-11D3-BF4B-00C04F79EFBC}") = "Phoneword.iOS", "Phoneword\Phoneword.iOS\Phoneword.iOS.csproj", "{4845E03B-E3C9-4723-BD7F-70E56B5782CE}"
EndProject
Project("{FAE04EC0-301F-11D3-BF4B-00C04F79EFBC}") = "Phoneword", "Phoneword\Phoneword\Phoneword.csproj", "{E1973C08-917A-4859-B4F9-D83377DA9CBF}"
EndProject
Global
	GlobalSection(SolutionConfigurationPlatforms) = preSolution
		Ad-Hoc|Any CPU = Ad-Hoc|Any CPU
		Ad-Hoc|iPhone = Ad-Hoc|iPhone
		Ad-Hoc|iPhoneSimulator = Ad-Hoc|iPhoneSimulator
		AppStore|Any CPU = AppStore|Any CPU
		AppStore|iPhone = AppStore|iPhone
		AppStore|iPhoneSimulator = AppStore|iPhoneSimulator
		Debug|Any CPU = Debug|Any CPU
		Debug|iPhone = Debug|iPhone
		Debug|iPhoneSimulator = Debug|iPhoneSimulator
		Release|Any CPU = Release|Any CPU
		Release|iPhone = Release|iPhone
		Release|iPhoneSimulator = Release|iPhoneSimulator
	EndGlobalSection
	GlobalSection(ProjectConfigurationPlatforms) = postSolution
		{BAED1331-456F-4D7A-B47C-A50EFAF990B5}.Ad-Hoc|Any CPU.ActiveCfg = Release|Any CPU
		{BAED1331-456F-4D7A-B47C-A50EFAF990B5}.Ad-Hoc|Any CPU.Build.0 = Release|Any CPU
		{BAED1331-456F-4D7A-B47C-A50EFAF990B5}.Ad-Hoc|Any CPU.Deploy.0 = Release|Any CPU
		{BAED1331-456F-4D7A-B47C-A50EFAF990B5}.Ad-Hoc|iPhone.ActiveCfg = Release|Any CPU
		{BAED1331-456F-4D7A-B47C-A50EFAF990B5}.Ad-Hoc|iPhone.Build.0 = Release|Any CPU
		{BAED1331-456F-4D7A-B47C-A50EFAF990B5}.Ad-Hoc|iPhone.Deploy.0 = Release|Any CPU
		{BAED1331-456F-4D7A-B47C-A50EFAF990B5}.Ad-Hoc|iPhoneSimulator.ActiveCfg = Release|Any CPU
		{BAED1331-456F-4D7A-B47C-A50EFAF990B5}.Ad-Hoc|iPhoneSimulator.Build.0 = Release|Any CPU
		{BAED1331-456F-4D7A-B47C-A50EFAF990B5}.Ad-Hoc|iPhoneSimulator.Deploy.0 = Release|Any CPU
		{BAED1331-456F-4D7A-B47C-A50EFAF990B5}.AppStore|Any CPU.ActiveCfg = Release|Any CPU
		{BAED1331-456F-4D7A-B47C-A50EFAF990B5}.AppStore|Any CPU.Build.0 = Release|Any CPU
		{BAED1331-456F-4D7A-B47C-A50EFAF990B5}.AppStore|Any CPU.Deploy.0 = Release|Any CPU
		{BAED1331-456F-4D7A-B47C-A50EFAF990B5}.AppStore|iPhone.ActiveCfg = Release|Any CPU
		{BAED1331-456F-4D7A-B47C-A50EFAF990B5}.AppStore|iPhone.Build.0 = Release|Any CPU
		{BAED1331-456F-4D7A-B47C-A50EFAF990B5}.AppStore|iPhone.Deploy.0 = Release|Any CPU
		{BAED1331-456F-4D7A-B47C-A50EFAF990B5}.AppStore|iPhoneSimulator.ActiveCfg = Release|Any CPU
		{BAED1331-456F-4D7A-B47C-A50EFAF990B5}.AppStore|iPhoneSimulator.Build.0 = Release|Any CPU
		{BAED1331-456F-4D7A-B47C-A50EFAF990B5}.AppStore|iPhoneSimulator.Deploy.0 = Release|Any CPU
		{BAED1331-456F-4D7A-B47C-A50EFAF990B5}.Debug|Any CPU.ActiveCfg = Debug|Any CPU
		{BAED1331-456F-4D7A-B47C-A50EFAF990B5}.Debug|Any CPU.Build.0 = Debug|Any CPU
		{BAED1331-456F-4D7A-B47C-A50EFAF990B5}.Debug|Any CPU.Deploy.0 = Debug|Any CPU
		{BAED1331-456F-4D7A-B47C-A50EFAF990B5}.Debug|iPhone.ActiveCfg = Debug|Any CPU
		{BAED1331-456F-4D7A-B47C-A50EFAF990B5}.Debug|iPhone.Build.0 = Debug|Any CPU
		{BAED1331-456F-4D7A-B47C-A50EFAF990B5}.Debug|iPhone.Deploy.0 = Debug|Any CPU
		{BAED1331-456F-4D7A-B47C-A50EFAF990B5}.Debug|iPhoneSimulator.ActiveCfg = Debug|Any CPU
		{BAED1331-456F-4D7A-B47C-A50EFAF990B5}.Debug|iPhoneSimulator.Build.0 = Debug|Any CPU
		{BAED1331-456F-4D7A-B47C-A50EFAF990B5}.Debug|iPhoneSimulator.Deploy.0 = Debug|Any CPU
		{BAED1331-456F-4D7A-B47C-A50EFAF990B5}.Release|Any CPU.ActiveCfg = Release|Any CPU
		{BAED1331-456F-4D7A-B47C-A50EFAF990B5}.Release|Any CPU.Build.0 = Release|Any CPU
		{BAED1331-456F-4D7A-B47C-A50EFAF990B5}.Release|Any CPU.Deploy.0 = Release|Any CPU
		{BAED1331-456F-4D7A-B47C-A50EFAF990B5}.Release|iPhone.ActiveCfg = Release|Any CPU
		{BAED1331-456F-4D7A-B47C-A50EFAF990B5}.Release|iPhone.Build.0 = Release|Any CPU
		{BAED1331-456F-4D7A-B47C-A50EFAF990B5}.Release|iPhone.Deploy.0 = Release|Any CPU
		{BAED1331-456F-4D7A-B47C-A50EFAF990B5}.Release|iPhoneSimulator.ActiveCfg = Release|Any CPU
		{BAED1331-456F-4D7A-B47C-A50EFAF990B5}.Release|iPhoneSimulator.Build.0 = Release|Any CPU
		{BAED1331-456F-4D7A-B47C-A50EFAF990B5}.Release|iPhoneSimulator.Deploy.0 = Release|Any CPU
		{4845E03B-E3C9-4723-BD7F-70E56B5782CE}.Ad-Hoc|Any CPU.ActiveCfg = Ad-Hoc|iPhone
		{4845E03B-E3C9-4723-BD7F-70E56B5782CE}.Ad-Hoc|Any CPU.Build.0 = Ad-Hoc|iPhone
		{4845E03B-E3C9-4723-BD7F-70E56B5782CE}.Ad-Hoc|Any CPU.Deploy.0 = Ad-Hoc|iPhone
		{4845E03B-E3C9-4723-BD7F-70E56B5782CE}.Ad-Hoc|iPhone.ActiveCfg = Ad-Hoc|iPhone
		{4845E03B-E3C9-4723-BD7F-70E56B5782CE}.Ad-Hoc|iPhone.Build.0 = Ad-Hoc|iPhone
		{4845E03B-E3C9-4723-BD7F-70E56B5782CE}.Ad-Hoc|iPhone.Deploy.0 = Ad-Hoc|iPhone
		{4845E03B-E3C9-4723-BD7F-70E56B5782CE}.Ad-Hoc|iPhoneSimulator.ActiveCfg = Ad-Hoc|iPhoneSimulator
		{4845E03B-E3C9-4723-BD7F-70E56B5782CE}.Ad-Hoc|iPhoneSimulator.Build.0 = Ad-Hoc|iPhoneSimulator
		{4845E03B-E3C9-4723-BD7F-70E56B5782CE}.Ad-Hoc|iPhoneSimulator.Deploy.0 = Ad-Hoc|iPhoneSimulator
		{4845E03B-E3C9-4723-BD7F-70E56B5782CE}.AppStore|Any CPU.ActiveCfg = AppStore|iPhone
		{4845E03B-E3C9-4723-BD7F-70E56B5782CE}.AppStore|Any CPU.Build.0 = AppStore|iPhone
		{4845E03B-E3C9-4723-BD7F-70E56B5782CE}.AppStore|Any CPU.Deploy.0 = AppStore|iPhone
		{4845E03B-E3C9-4723-BD7F-70E56B5782CE}.AppStore|iPhone.ActiveCfg = AppStore|iPhone
		{4845E03B-E3C9-4723-BD7F-70E56B5782CE}.AppStore|iPhone.Build.0 = AppStore|iPhone
		{4845E03B-E3C9-4723-BD7F-70E56B5782CE}.AppStore|iPhone.Deploy.0 = AppStore|iPhone
		{4845E03B-E3C9-4723-BD7F-70E56B5782CE}.AppStore|iPhoneSimulator.ActiveCfg = AppStore|iPhoneSimulator
		{4845E03B-E3C9-4723-BD7F-70E56B5782CE}.AppStore|iPhoneSimulator.Build.0 = AppStore|iPhoneSimulator
		{4845E03B-E3C9-4723-BD7F-70E56B5782CE}.AppStore|iPhoneSimulator.Deploy.0 = AppStore|iPhoneSimulator
		{4845E03B-E3C9-4723-BD7F-70E56B5782CE}.Debug|Any CPU.ActiveCfg = Debug|iPhoneSimulator
		{4845E03B-E3C9-4723-BD7F-70E56B5782CE}.Debug|Any CPU.Build.0 = Debug|iPhoneSimulator
		{4845E03B-E3C9-4723-BD7F-70E56B5782CE}.Debug|Any CPU.Deploy.0 = Debug|iPhoneSimulator
		{4845E03B-E3C9-4723-BD7F-70E56B5782CE}.Debug|iPhone.ActiveCfg = Debug|iPhone
		{4845E03B-E3C9-4723-BD7F-70E56B5782CE}.Debug|iPhone.Build.0 = Debug|iPhone
		{4845E03B-E3C9-4723-BD7F-70E56B5782CE}.Debug|iPhone.Deploy.0 = Debug|iPhone
		{4845E03B-E3C9-4723-BD7F-70E56B5782CE}.Debug|iPhoneSimulator.ActiveCfg = Debug|iPhoneSimulator
		{4845E03B-E3C9-4723-BD7F-70E56B5782CE}.Debug|iPhoneSimulator.Build.0 = Debug|iPhoneSimulator
		{4845E03B-E3C9-4723-BD7F-70E56B5782CE}.Debug|iPhoneSimulator.Deploy.0 = Debug|iPhoneSimulator
		{4845E03B-E3C9-4723-BD7F-70E56B5782CE}.Release|Any CPU.ActiveCfg = Release|iPhone
		{4845E03B-E3C9-4723-BD7F-70E56B5782CE}.Release|Any CPU.Build.0 = Release|iPhone
		{4845E03B-E3C9-4723-BD7F-70E56B5782CE}.Release|Any CPU.Deploy.0 = Release|iPhone
		{4845E03B-E3C9-4723-BD7F-70E56B5782CE}.Release|iPhone.ActiveCfg = Release|iPhone
		{4845E03B-E3C9-4723-BD7F-70E56B5782CE}.Release|iPhone.Build.0 = Release|iPhone
		{4845E03B-E3C9-4723-BD7F-70E56B5782CE}.Release|iPhone.Deploy.0 = Release|iPhone
		{4845E03B-E3C9-4723-BD7F-70E56B5782CE}.Release|iPhoneSimulator.ActiveCfg = Release|iPhoneSimulator
		{4845E03B-E3C9-4723-BD7F-70E56B5782CE}.Release|iPhoneSimulator.Build.0 = Release|iPhoneSimulator
		{4845E03B-E3C9-4723-BD7F-70E56B5782CE}.Release|iPhoneSimulator.Deploy.0 = Release|iPhoneSimulator
		{E1973C08-917A-4859-B4F9-D83377DA9CBF}.Ad-Hoc|Any CPU.ActiveCfg = Debug|Any CPU
		{E1973C08-917A-4859-B4F9-D83377DA9CBF}.Ad-Hoc|Any CPU.Build.0 = Debug|Any CPU
		{E1973C08-917A-4859-B4F9-D83377DA9CBF}.Ad-Hoc|Any CPU.Deploy.0 = Debug|Any CPU
		{E1973C08-917A-4859-B4F9-D83377DA9CBF}.Ad-Hoc|iPhone.ActiveCfg = Debug|Any CPU
		{E1973C08-917A-4859-B4F9-D83377DA9CBF}.Ad-Hoc|iPhone.Build.0 = Debug|Any CPU
		{E1973C08-917A-4859-B4F9-D83377DA9CBF}.Ad-Hoc|iPhone.Deploy.0 = Debug|Any CPU
		{E1973C08-917A-4859-B4F9-D83377DA9CBF}.Ad-Hoc|iPhoneSimulator.ActiveCfg = Debug|Any CPU
		{E1973C08-917A-4859-B4F9-D83377DA9CBF}.Ad-Hoc|iPhoneSimulator.Build.0 = Debug|Any CPU
		{E1973C08-917A-4859-B4F9-D83377DA9CBF}.Ad-Hoc|iPhoneSimulator.Deploy.0 = Debug|Any CPU
		{E1973C08-917A-4859-B4F9-D83377DA9CBF}.AppStore|Any CPU.ActiveCfg = Debug|Any CPU
		{E1973C08-917A-4859-B4F9-D83377DA9CBF}.AppStore|Any CPU.Build.0 = Debug|Any CPU
		{E1973C08-917A-4859-B4F9-D83377DA9CBF}.AppStore|Any CPU.Deploy.0 = Debug|Any CPU
		{E1973C08-917A-4859-B4F9-D83377DA9CBF}.AppStore|iPhone.ActiveCfg = Debug|Any CPU
		{E1973C08-917A-4859-B4F9-D83377DA9CBF}.AppStore|iPhone.Build.0 = Debug|Any CPU
		{E1973C08-917A-4859-B4F9-D83377DA9CBF}.AppStore|iPhone.Deploy.0 = Debug|Any CPU
		{E1973C08-917A-4859-B4F9-D83377DA9CBF}.AppStore|iPhoneSimulator.ActiveCfg = Debug|Any CPU
		{E1973C08-917A-4859-B4F9-D83377DA9CBF}.AppStore|iPhoneSimulator.Build.0 = Debug|Any CPU
		{E1973C08-917A-4859-B4F9-D83377DA9CBF}.AppStore|iPhoneSimulator.Deploy.0 = Debug|Any CPU
		{E1973C08-917A-4859-B4F9-D83377DA9CBF}.Debug|Any CPU.ActiveCfg = Debug|Any CPU
		{E1973C08-917A-4859-B4F9-D83377DA9CBF}.Debug|Any CPU.Build.0 = Debug|Any CPU
		{E1973C08-917A-4859-B4F9-D83377DA9CBF}.Debug|Any CPU.Deploy.0 = Debug|Any CPU
		{E1973C08-917A-4859-B4F9-D83377DA9CBF}.Debug|iPhone.ActiveCfg = Debug|Any CPU
		{E1973C08-917A-4859-B4F9-D83377DA9CBF}.Debug|iPhone.Build.0 = Debug|Any CPU
		{E1973C08-917A-4859-B4F9-D83377DA9CBF}.Debug|iPhone.Deploy.0 = Debug|Any CPU
		{E1973C08-917A-4859-B4F9-D83377DA9CBF}.Debug|iPhoneSimulator.ActiveCfg = Debug|Any CPU
		{E1973C08-917A-4859-B4F9-D83377DA9CBF}.Debug|iPhoneSimulator.Build.0 = Debug|Any CPU
		{E1973C08-917A-4859-B4F9-D83377DA9CBF}.Debug|iPhoneSimulator.Deploy.0 = Debug|Any CPU
		{E1973C08-917A-4859-B4F9-D83377DA9CBF}.Release|Any CPU.ActiveCfg = Release|Any CPU
		{E1973C08-917A-4859-B4F9-D83377DA9CBF}.Release|Any CPU.Build.0 = Release|Any CPU
		{E1973C08-917A-4859-B4F9-D83377DA9CBF}.Release|Any CPU.Deploy.0 = Release|Any CPU
		{E1973C08-917A-4859-B4F9-D83377DA9CBF}.Release|iPhone.ActiveCfg = Release|Any CPU
		{E1973C08-917A-4859-B4F9-D83377DA9CBF}.Release|iPhone.Build.0 = Release|Any CPU
		{E1973C08-917A-4859-B4F9-D83377DA9CBF}.Release|iPhone.Deploy.0 = Release|Any CPU
		{E1973C08-917A-4859-B4F9-D83377DA9CBF}.Release|iPhoneSimulator.ActiveCfg = Release|Any CPU
		{E1973C08-917A-4859-B4F9-D83377DA9CBF}.Release|iPhoneSimulator.Build.0 = Release|Any CPU
		{E1973C08-917A-4859-B4F9-D83377DA9CBF}.Release|iPhoneSimulator.Deploy.0 = Release|Any CPU
	EndGlobalSection
	GlobalSection(SolutionProperties) = preSolution
		HideSolutionNode = FALSE
	EndGlobalSection
	GlobalSection(ExtensibilityGlobals) = postSolution
		SolutionGuid = {B031CC44-D352-4A7C-9C49-2A7438DC2AE8}
	EndGlobalSection
EndGlobal
